
Microsoft Visual Studio Solution File, Format Version 12.00
# Visual Studio 14
VisualStudioVersion = 14.0.23107.0
MinimumVisualStudioVersion = 10.0.40219.1
Project("{FAE04EC0-301F-11D3-BF4B-00C04F79EFBC}") = "GameEditor", "GameEditor\GameEditor.csproj", "{6C837795-70BD-4AB0-9C47-D897AAE6E752}"
EndProject
Project("{FAE04EC0-301F-11D3-BF4B-00C04F79EFBC}") = "GameCore", "GameCore\GameCore.csproj", "{C6D7A464-EA75-4FFE-BACA-67BFD02E49D3}"
EndProject
Project("{FAE04EC0-301F-11D3-BF4B-00C04F79EFBC}") = "GameCore.UnitTest", "GameCore.UnitTest\GameCore.UnitTest.csproj", "{7EBAF600-AA8F-4E5D-B3E3-44017EDD2052}"
EndProject
Project("{FAE04EC0-301F-11D3-BF4B-00C04F79EFBC}") = "GameEditor.UnitTest", "GameEditor.UnitTest\GameEditor.UnitTest.csproj", "{D8C00242-6E09-4D0E-827A-119019E4D4DF}"
EndProject
Project("{FAE04EC0-301F-11D3-BF4B-00C04F79EFBC}") = "GameEditor.Wcf.Harness", "GameEditor.Wcf.Harness\GameEditor.Wcf.Harness.csproj", "{EAC7FA09-327A-40B1-814A-FCFFB11EDE32}"
	ProjectSection(ProjectDependencies) = postProject
		{F36215C0-4038-45BE-8411-AF9650A4D348} = {F36215C0-4038-45BE-8411-AF9650A4D348}
	EndProjectSection
EndProject
Project("{FAE04EC0-301F-11D3-BF4B-00C04F79EFBC}") = "GameCore.WcfService", "GameCore.WcfService\GameCore.WcfService.csproj", "{F36215C0-4038-45BE-8411-AF9650A4D348}"
EndProject
Project("{FAE04EC0-301F-11D3-BF4B-00C04F79EFBC}") = "GameEditor.Wcf.Harness.UnitTest", "GameEditor.Wcf.Harness.UnitTest\GameEditor.Wcf.Harness.UnitTest.csproj", "{77281496-EE79-45F4-8366-E7439DFF908C}"
EndProject
Project("{FAE04EC0-301F-11D3-BF4B-00C04F79EFBC}") = "GameEditor.Wcf.Harness.Wpf", "GameEditor.Wcf.Harness.Wpf\GameEditor.Wcf.Harness.Wpf.csproj", "{0818E3E1-D950-4F7C-9E41-3C7577170C9E}"
	ProjectSection(ProjectDependencies) = postProject
		{F36215C0-4038-45BE-8411-AF9650A4D348} = {F36215C0-4038-45BE-8411-AF9650A4D348}
	EndProjectSection
EndProject
Project("{FAE04EC0-301F-11D3-BF4B-00C04F79EFBC}") = "GameEditor.WcfHarness.Wpf.UnitTest", "GameEditor.WcfHarness.Wpf.UnitTest\GameEditor.WcfHarness.Wpf.UnitTest.csproj", "{347359B2-4362-44ED-82EE-EC333804BE5B}"
EndProject
Global
	GlobalSection(SolutionConfigurationPlatforms) = preSolution
		Debug|Any CPU = Debug|Any CPU
		Release|Any CPU = Release|Any CPU
	EndGlobalSection
	GlobalSection(ProjectConfigurationPlatforms) = postSolution
		{6C837795-70BD-4AB0-9C47-D897AAE6E752}.Debug|Any CPU.ActiveCfg = Debug|Any CPU
		{6C837795-70BD-4AB0-9C47-D897AAE6E752}.Debug|Any CPU.Build.0 = Debug|Any CPU
		{6C837795-70BD-4AB0-9C47-D897AAE6E752}.Release|Any CPU.ActiveCfg = Release|Any CPU
		{6C837795-70BD-4AB0-9C47-D897AAE6E752}.Release|Any CPU.Build.0 = Release|Any CPU
		{C6D7A464-EA75-4FFE-BACA-67BFD02E49D3}.Debug|Any CPU.ActiveCfg = Debug|Any CPU
		{C6D7A464-EA75-4FFE-BACA-67BFD02E49D3}.Debug|Any CPU.Build.0 = Debug|Any CPU
		{C6D7A464-EA75-4FFE-BACA-67BFD02E49D3}.Release|Any CPU.ActiveCfg = Release|Any CPU
		{C6D7A464-EA75-4FFE-BACA-67BFD02E49D3}.Release|Any CPU.Build.0 = Release|Any CPU
		{7EBAF600-AA8F-4E5D-B3E3-44017EDD2052}.Debug|Any CPU.ActiveCfg = Debug|Any CPU
		{7EBAF600-AA8F-4E5D-B3E3-44017EDD2052}.Debug|Any CPU.Build.0 = Debug|Any CPU
		{7EBAF600-AA8F-4E5D-B3E3-44017EDD2052}.Release|Any CPU.ActiveCfg = Release|Any CPU
		{7EBAF600-AA8F-4E5D-B3E3-44017EDD2052}.Release|Any CPU.Build.0 = Release|Any CPU
		{D8C00242-6E09-4D0E-827A-119019E4D4DF}.Debug|Any CPU.ActiveCfg = Debug|Any CPU
		{D8C00242-6E09-4D0E-827A-119019E4D4DF}.Debug|Any CPU.Build.0 = Debug|Any CPU
		{D8C00242-6E09-4D0E-827A-119019E4D4DF}.Release|Any CPU.ActiveCfg = Release|Any CPU
		{D8C00242-6E09-4D0E-827A-119019E4D4DF}.Release|Any CPU.Build.0 = Release|Any CPU
		{EAC7FA09-327A-40B1-814A-FCFFB11EDE32}.Debug|Any CPU.ActiveCfg = Debug|Any CPU
		{EAC7FA09-327A-40B1-814A-FCFFB11EDE32}.Debug|Any CPU.Build.0 = Debug|Any CPU
		{EAC7FA09-327A-40B1-814A-FCFFB11EDE32}.Release|Any CPU.ActiveCfg = Release|Any CPU
		{EAC7FA09-327A-40B1-814A-FCFFB11EDE32}.Release|Any CPU.Build.0 = Release|Any CPU
		{F36215C0-4038-45BE-8411-AF9650A4D348}.Debug|Any CPU.ActiveCfg = Debug|Any CPU
		{F36215C0-4038-45BE-8411-AF9650A4D348}.Debug|Any CPU.Build.0 = Debug|Any CPU
		{F36215C0-4038-45BE-8411-AF9650A4D348}.Release|Any CPU.ActiveCfg = Release|Any CPU
		{F36215C0-4038-45BE-8411-AF9650A4D348}.Release|Any CPU.Build.0 = Release|Any CPU
		{77281496-EE79-45F4-8366-E7439DFF908C}.Debug|Any CPU.ActiveCfg = Debug|Any CPU
		{77281496-EE79-45F4-8366-E7439DFF908C}.Debug|Any CPU.Build.0 = Debug|Any CPU
		{77281496-EE79-45F4-8366-E7439DFF908C}.Release|Any CPU.ActiveCfg = Release|Any CPU
		{77281496-EE79-45F4-8366-E7439DFF908C}.Release|Any CPU.Build.0 = Release|Any CPU
		{0818E3E1-D950-4F7C-9E41-3C7577170C9E}.Debug|Any CPU.ActiveCfg = Debug|Any CPU
		{0818E3E1-D950-4F7C-9E41-3C7577170C9E}.Debug|Any CPU.Build.0 = Debug|Any CPU
		{0818E3E1-D950-4F7C-9E41-3C7577170C9E}.Release|Any CPU.ActiveCfg = Release|Any CPU
		{0818E3E1-D950-4F7C-9E41-3C7577170C9E}.Release|Any CPU.Build.0 = Release|Any CPU
		{347359B2-4362-44ED-82EE-EC333804BE5B}.Debug|Any CPU.ActiveCfg = Debug|Any CPU
		{347359B2-4362-44ED-82EE-EC333804BE5B}.Debug|Any CPU.Build.0 = Debug|Any CPU
		{347359B2-4362-44ED-82EE-EC333804BE5B}.Release|Any CPU.ActiveCfg = Release|Any CPU
		{347359B2-4362-44ED-82EE-EC333804BE5B}.Release|Any CPU.Build.0 = Release|Any CPU
	EndGlobalSection
	GlobalSection(SolutionProperties) = preSolution
		HideSolutionNode = FALSE
	EndGlobalSection
EndGlobal
